
Microsoft Visual Studio Solution File, Format Version 12.00
# Visual Studio 14
VisualStudioVersion = 14.0.23107.0
MinimumVisualStudioVersion = 10.0.40219.1
Project("{FAE04EC0-301F-11D3-BF4B-00C04F79EFBC}") = "Building a Heap", "Building a Heap\Building a Heap.csproj", "{0CD3EECF-D762-4938-A6A2-2453F435BE54}"
EndProject
Project("{FAE04EC0-301F-11D3-BF4B-00C04F79EFBC}") = "Merge Sort", "Merge Sort\Merge Sort.csproj", "{B8A91AF8-01B6-46BC-9C7C-4531D0361498}"
EndProject
Project("{2150E333-8FDC-42A3-9474-1A3956D46DE8}") = "_Data", "_Data", "{8501C28D-938D-40AD-BEF4-F5C54DB69247}"
	ProjectSection(SolutionItems) = preProject
		_Data\2-Way Partition.txt = _Data\2-Way Partition.txt
		_Data\2SUM.txt = _Data\2SUM.txt
		_Data\3SUM.txt = _Data\3SUM.txt
		_Data\Building a Heap.txt = _Data\Building a Heap.txt
		_Data\Merge Sort.txt = _Data\Merge Sort.txt
		_Data\Testing Acyclicity.txt = _Data\Testing Acyclicity.txt
		_Data\Testing Bipartiteness.txt = _Data\Testing Bipartiteness.txt
	EndProjectSection
EndProject
Project("{FAE04EC0-301F-11D3-BF4B-00C04F79EFBC}") = "_SharedFiles", "_SharedFiles\_SharedFiles.csproj", "{6B1C4D89-0B05-4959-BA44-802929BC5771}"
EndProject
Project("{FAE04EC0-301F-11D3-BF4B-00C04F79EFBC}") = "2-Way Partition", "2-Way Partition\2-Way Partition.csproj", "{90B90BBE-3E17-457F-B81A-77C036A7E766}"
EndProject
Project("{FAE04EC0-301F-11D3-BF4B-00C04F79EFBC}") = "3SUM", "3SUM\3SUM.csproj", "{B9EEFFDE-267C-4E24-B616-9BCF47E364E3}"
EndProject
Project("{FAE04EC0-301F-11D3-BF4B-00C04F79EFBC}") = "_Tmp", "Tmp\_Tmp.csproj", "{ACFB8434-954F-4F44-B2DF-78112CFF315F}"
EndProject
Project("{FAE04EC0-301F-11D3-BF4B-00C04F79EFBC}") = "2SUM", "2SUM\2SUM.csproj", "{7828EFAB-1D95-4985-B5FC-DD56C315A462}"
EndProject
Project("{FAE04EC0-301F-11D3-BF4B-00C04F79EFBC}") = "Testing Bipartiteness", "Testing Bipartiteness\Testing Bipartiteness.csproj", "{9E69B328-DF5D-4969-BE5A-3BEFBEFE70CC}"
EndProject
Project("{FAE04EC0-301F-11D3-BF4B-00C04F79EFBC}") = "Testing Acyclicity", "Testing Acyclicity\Testing Acyclicity.csproj", "{0641365B-E841-457B-BAC5-03C0C5A2BFB4}"
EndProject
Global
	GlobalSection(SolutionConfigurationPlatforms) = preSolution
		Debug|Any CPU = Debug|Any CPU
		Release|Any CPU = Release|Any CPU
	EndGlobalSection
	GlobalSection(ProjectConfigurationPlatforms) = postSolution
		{0CD3EECF-D762-4938-A6A2-2453F435BE54}.Debug|Any CPU.ActiveCfg = Debug|Any CPU
		{0CD3EECF-D762-4938-A6A2-2453F435BE54}.Debug|Any CPU.Build.0 = Debug|Any CPU
		{0CD3EECF-D762-4938-A6A2-2453F435BE54}.Release|Any CPU.ActiveCfg = Release|Any CPU
		{0CD3EECF-D762-4938-A6A2-2453F435BE54}.Release|Any CPU.Build.0 = Release|Any CPU
		{B8A91AF8-01B6-46BC-9C7C-4531D0361498}.Debug|Any CPU.ActiveCfg = Debug|Any CPU
		{B8A91AF8-01B6-46BC-9C7C-4531D0361498}.Debug|Any CPU.Build.0 = Debug|Any CPU
		{B8A91AF8-01B6-46BC-9C7C-4531D0361498}.Release|Any CPU.ActiveCfg = Release|Any CPU
		{B8A91AF8-01B6-46BC-9C7C-4531D0361498}.Release|Any CPU.Build.0 = Release|Any CPU
		{6B1C4D89-0B05-4959-BA44-802929BC5771}.Debug|Any CPU.ActiveCfg = Debug|Any CPU
		{6B1C4D89-0B05-4959-BA44-802929BC5771}.Debug|Any CPU.Build.0 = Debug|Any CPU
		{6B1C4D89-0B05-4959-BA44-802929BC5771}.Release|Any CPU.ActiveCfg = Release|Any CPU
		{6B1C4D89-0B05-4959-BA44-802929BC5771}.Release|Any CPU.Build.0 = Release|Any CPU
		{90B90BBE-3E17-457F-B81A-77C036A7E766}.Debug|Any CPU.ActiveCfg = Debug|Any CPU
		{90B90BBE-3E17-457F-B81A-77C036A7E766}.Debug|Any CPU.Build.0 = Debug|Any CPU
		{90B90BBE-3E17-457F-B81A-77C036A7E766}.Release|Any CPU.ActiveCfg = Release|Any CPU
		{90B90BBE-3E17-457F-B81A-77C036A7E766}.Release|Any CPU.Build.0 = Release|Any CPU
		{B9EEFFDE-267C-4E24-B616-9BCF47E364E3}.Debug|Any CPU.ActiveCfg = Debug|Any CPU
		{B9EEFFDE-267C-4E24-B616-9BCF47E364E3}.Debug|Any CPU.Build.0 = Debug|Any CPU
		{B9EEFFDE-267C-4E24-B616-9BCF47E364E3}.Release|Any CPU.ActiveCfg = Release|Any CPU
		{B9EEFFDE-267C-4E24-B616-9BCF47E364E3}.Release|Any CPU.Build.0 = Release|Any CPU
		{ACFB8434-954F-4F44-B2DF-78112CFF315F}.Debug|Any CPU.ActiveCfg = Debug|Any CPU
		{ACFB8434-954F-4F44-B2DF-78112CFF315F}.Debug|Any CPU.Build.0 = Debug|Any CPU
		{ACFB8434-954F-4F44-B2DF-78112CFF315F}.Release|Any CPU.ActiveCfg = Release|Any CPU
		{ACFB8434-954F-4F44-B2DF-78112CFF315F}.Release|Any CPU.Build.0 = Release|Any CPU
		{7828EFAB-1D95-4985-B5FC-DD56C315A462}.Debug|Any CPU.ActiveCfg = Debug|Any CPU
		{7828EFAB-1D95-4985-B5FC-DD56C315A462}.Debug|Any CPU.Build.0 = Debug|Any CPU
		{7828EFAB-1D95-4985-B5FC-DD56C315A462}.Release|Any CPU.ActiveCfg = Release|Any CPU
		{7828EFAB-1D95-4985-B5FC-DD56C315A462}.Release|Any CPU.Build.0 = Release|Any CPU
		{9E69B328-DF5D-4969-BE5A-3BEFBEFE70CC}.Debug|Any CPU.ActiveCfg = Debug|Any CPU
		{9E69B328-DF5D-4969-BE5A-3BEFBEFE70CC}.Debug|Any CPU.Build.0 = Debug|Any CPU
		{9E69B328-DF5D-4969-BE5A-3BEFBEFE70CC}.Release|Any CPU.ActiveCfg = Release|Any CPU
		{9E69B328-DF5D-4969-BE5A-3BEFBEFE70CC}.Release|Any CPU.Build.0 = Release|Any CPU
		{0641365B-E841-457B-BAC5-03C0C5A2BFB4}.Debug|Any CPU.ActiveCfg = Debug|Any CPU
		{0641365B-E841-457B-BAC5-03C0C5A2BFB4}.Debug|Any CPU.Build.0 = Debug|Any CPU
		{0641365B-E841-457B-BAC5-03C0C5A2BFB4}.Release|Any CPU.ActiveCfg = Release|Any CPU
		{0641365B-E841-457B-BAC5-03C0C5A2BFB4}.Release|Any CPU.Build.0 = Release|Any CPU
	EndGlobalSection
	GlobalSection(SolutionProperties) = preSolution
		HideSolutionNode = FALSE
	EndGlobalSection
EndGlobal
